// !$*UTF8*$!
{
	archiveVersion = 1;
	classes = {
	};
	objectVersion = 46;
	objects = {

/* Begin PBXBuildFile section */
		1241CB1C1D2FCA5700194498 /* test_pendulum.c in Sources */ = {isa = PBXBuildFile; fileRef = 1241CB1A1D2FCA5700194498 /* test_pendulum.c */; };
		1241CB1F1D2FDB7B00194498 /* pendulum_model.c in Sources */ = {isa = PBXBuildFile; fileRef = 1241CB1D1D2FDB7B00194498 /* pendulum_model.c */; };
		128CEBBD1D373B0700E4EC22 /* test_test_pendulum.c in Sources */ = {isa = PBXBuildFile; fileRef = 128CEBBB1D373B0700E4EC22 /* test_test_pendulum.c */; };
		1298FE011D24C75B00D4E868 /* main.c in Sources */ = {isa = PBXBuildFile; fileRef = 1298FE001D24C75B00D4E868 /* main.c */; };
		12DEA2411D2E267100285423 /* globals.c in Sources */ = {isa = PBXBuildFile; fileRef = 12DEA23F1D2E267100285423 /* globals.c */; };
		12DEA2441D2E5DB200285423 /* interpolation.c in Sources */ = {isa = PBXBuildFile; fileRef = 12DEA2421D2E5DB200285423 /* interpolation.c */; };
/* End PBXBuildFile section */

/* Begin PBXCopyFilesBuildPhase section */
		1298FDFB1D24C75B00D4E868 /* CopyFiles */ = {
			isa = PBXCopyFilesBuildPhase;
			buildActionMask = 2147483647;
			dstPath = /usr/share/man/man1/;
			dstSubfolderSpec = 0;
			files = (
			);
			runOnlyForDeploymentPostprocessing = 1;
		};
/* End PBXCopyFilesBuildPhase section */

/* Begin PBXFileReference section */
		1241CB1A1D2FCA5700194498 /* test_pendulum.c */ = {isa = PBXFileReference; fileEncoding = 4; lastKnownFileType = sourcecode.c.c; path = test_pendulum.c; sourceTree = "<group>"; };
		1241CB1B1D2FCA5700194498 /* test_pendulum.h */ = {isa = PBXFileReference; fileEncoding = 4; lastKnownFileType = sourcecode.c.h; path = test_pendulum.h; sourceTree = "<group>"; };
		1241CB1D1D2FDB7B00194498 /* pendulum_model.c */ = {isa = PBXFileReference; fileEncoding = 4; lastKnownFileType = sourcecode.c.c; path = pendulum_model.c; sourceTree = "<group>"; };
		1241CB1E1D2FDB7B00194498 /* pendulum_model.h */ = {isa = PBXFileReference; fileEncoding = 4; lastKnownFileType = sourcecode.c.h; path = pendulum_model.h; sourceTree = "<group>"; };
		1241CB211D2FFE2800194498 /* globaltemp.h */ = {isa = PBXFileReference; fileEncoding = 4; lastKnownFileType = sourcecode.c.h; path = globaltemp.h; sourceTree = "<group>"; };
		128CEBBB1D373B0700E4EC22 /* test_test_pendulum.c */ = {isa = PBXFileReference; fileEncoding = 4; lastKnownFileType = sourcecode.c.c; path = test_test_pendulum.c; sourceTree = "<group>"; };
		128CEBBC1D373B0700E4EC22 /* test_test_pendulum.h */ = {isa = PBXFileReference; fileEncoding = 4; lastKnownFileType = sourcecode.c.h; path = test_test_pendulum.h; sourceTree = "<group>"; };
		1298FDFD1D24C75B00D4E868 /* DCOC_in_C */ = {isa = PBXFileReference; explicitFileType = "compiled.mach-o.executable"; includeInIndex = 0; path = DCOC_in_C; sourceTree = BUILT_PRODUCTS_DIR; };
		1298FE001D24C75B00D4E868 /* main.c */ = {isa = PBXFileReference; lastKnownFileType = sourcecode.c.c; path = main.c; sourceTree = "<group>"; };
		12DEA23F1D2E267100285423 /* globals.c */ = {isa = PBXFileReference; fileEncoding = 4; lastKnownFileType = sourcecode.c.c; path = globals.c; sourceTree = "<group>"; };
		12DEA2401D2E267100285423 /* globals.h */ = {isa = PBXFileReference; fileEncoding = 4; lastKnownFileType = sourcecode.c.h; path = globals.h; sourceTree = "<group>"; };
		12DEA2421D2E5DB200285423 /* interpolation.c */ = {isa = PBXFileReference; fileEncoding = 4; lastKnownFileType = sourcecode.c.c; path = interpolation.c; sourceTree = "<group>"; };
		12DEA2431D2E5DB200285423 /* interpolation.h */ = {isa = PBXFileReference; fileEncoding = 4; lastKnownFileType = sourcecode.c.h; path = interpolation.h; sourceTree = "<group>"; };
/* End PBXFileReference section */

/* Begin PBXFrameworksBuildPhase section */
		1298FDFA1D24C75B00D4E868 /* Frameworks */ = {
			isa = PBXFrameworksBuildPhase;
			buildActionMask = 2147483647;
			files = (
			);
			runOnlyForDeploymentPostprocessing = 0;
		};
/* End PBXFrameworksBuildPhase section */

/* Begin PBXGroup section */
		1298FDF41D24C75B00D4E868 = {
			isa = PBXGroup;
			children = (
				1298FDFF1D24C75B00D4E868 /* DCOC_in_C */,
				1298FDFE1D24C75B00D4E868 /* Products */,
			);
			sourceTree = "<group>";
		};
		1298FDFE1D24C75B00D4E868 /* Products */ = {
			isa = PBXGroup;
			children = (
				1298FDFD1D24C75B00D4E868 /* DCOC_in_C */,
			);
			name = Products;
			sourceTree = "<group>";
		};
		1298FDFF1D24C75B00D4E868 /* DCOC_in_C */ = {
			isa = PBXGroup;
			children = (
				1298FE001D24C75B00D4E868 /* main.c */,
				128CEBBB1D373B0700E4EC22 /* test_test_pendulum.c */,
				128CEBBC1D373B0700E4EC22 /* test_test_pendulum.h */,
				12DEA23F1D2E267100285423 /* globals.c */,
				12DEA2421D2E5DB200285423 /* interpolation.c */,
				12DEA2431D2E5DB200285423 /* interpolation.h */,
				12DEA2401D2E267100285423 /* globals.h */,
				1241CB211D2FFE2800194498 /* globaltemp.h */,
				1241CB1A1D2FCA5700194498 /* test_pendulum.c */,
				1241CB1B1D2FCA5700194498 /* test_pendulum.h */,
				1241CB1D1D2FDB7B00194498 /* pendulum_model.c */,
				1241CB1E1D2FDB7B00194498 /* pendulum_model.h */,
			);
			path = DCOC_in_C;
			sourceTree = "<group>";
		};
/* End PBXGroup section */

/* Begin PBXNativeTarget section */
		1298FDFC1D24C75B00D4E868 /* DCOC_in_C */ = {
			isa = PBXNativeTarget;
			buildConfigurationList = 1298FE041D24C75B00D4E868 /* Build configuration list for PBXNativeTarget "DCOC_in_C" */;
			buildPhases = (
				1298FDF91D24C75B00D4E868 /* Sources */,
				1298FDFA1D24C75B00D4E868 /* Frameworks */,
				1298FDFB1D24C75B00D4E868 /* CopyFiles */,
			);
			buildRules = (
			);
			dependencies = (
			);
			name = DCOC_in_C;
			productName = DCOC_in_C;
			productReference = 1298FDFD1D24C75B00D4E868 /* DCOC_in_C */;
			productType = "com.apple.product-type.tool";
		};
/* End PBXNativeTarget section */

/* Begin PBXProject section */
		1298FDF51D24C75B00D4E868 /* Project object */ = {
			isa = PBXProject;
			attributes = {
				LastUpgradeCheck = 0730;
				ORGANIZATIONNAME = Rounak;
				TargetAttributes = {
					1298FDFC1D24C75B00D4E868 = {
						CreatedOnToolsVersion = 7.3.1;
					};
				};
			};
			buildConfigurationList = 1298FDF81D24C75B00D4E868 /* Build configuration list for PBXProject "DCOC_in_C" */;
			compatibilityVersion = "Xcode 3.2";
			developmentRegion = English;
			hasScannedForEncodings = 0;
			knownRegions = (
				en,
			);
			mainGroup = 1298FDF41D24C75B00D4E868;
			productRefGroup = 1298FDFE1D24C75B00D4E868 /* Products */;
			projectDirPath = "";
			projectRoot = "";
			targets = (
				1298FDFC1D24C75B00D4E868 /* DCOC_in_C */,
			);
		};
/* End PBXProject section */

/* Begin PBXSourcesBuildPhase section */
		1298FDF91D24C75B00D4E868 /* Sources */ = {
			isa = PBXSourcesBuildPhase;
			buildActionMask = 2147483647;
			files = (
				12DEA2411D2E267100285423 /* globals.c in Sources */,
				1241CB1C1D2FCA5700194498 /* test_pendulum.c in Sources */,
				12DEA2441D2E5DB200285423 /* interpolation.c in Sources */,
				1298FE011D24C75B00D4E868 /* main.c in Sources */,
				1241CB1F1D2FDB7B00194498 /* pendulum_model.c in Sources */,
				128CEBBD1D373B0700E4EC22 /* test_test_pendulum.c in Sources */,
			);
			runOnlyForDeploymentPostprocessing = 0;
		};
/* End PBXSourcesBuildPhase section */

/* Begin XCBuildConfiguration section */
		1298FE021D24C75B00D4E868 /* Debug */ = {
			isa = XCBuildConfiguration;
			buildSettings = {
				ALWAYS_SEARCH_USER_PATHS = NO;
				CLANG_ANALYZER_NONNULL = YES;
				CLANG_CXX_LANGUAGE_STANDARD = "gnu++0x";
				CLANG_CXX_LIBRARY = "libc++";
				CLANG_ENABLE_MODULES = YES;
				CLANG_ENABLE_OBJC_ARC = YES;
				CLANG_WARN_BOOL_CONVERSION = YES;
				CLANG_WARN_CONSTANT_CONVERSION = YES;
				CLANG_WARN_DIRECT_OBJC_ISA_USAGE = YES_ERROR;
				CLANG_WARN_EMPTY_BODY = YES;
				CLANG_WARN_ENUM_CONVERSION = YES;
				CLANG_WARN_INT_CONVERSION = YES;
				CLANG_WARN_OBJC_ROOT_CLASS = YES_ERROR;
				CLANG_WARN_UNREACHABLE_CODE = YES;
				CLANG_WARN__DUPLICATE_METHOD_MATCH = YES;
				CODE_SIGN_IDENTITY = "-";
				COPY_PHASE_STRIP = NO;
				DEBUG_INFORMATION_FORMAT = dwarf;
				ENABLE_STRICT_OBJC_MSGSEND = YES;
				ENABLE_TESTABILITY = YES;
				GCC_C_LANGUAGE_STANDARD = gnu99;
				GCC_DYNAMIC_NO_PIC = NO;
				GCC_NO_COMMON_BLOCKS = YES;
				GCC_OPTIMIZATION_LEVEL = 0;
				GCC_PREPROCESSOR_DEFINITIONS = (
					"DEBUG=1",
					"$(inherited)",
				);
				GCC_WARN_64_TO_32_BIT_CONVERSION = YES;
				GCC_WARN_ABOUT_RETURN_TYPE = YES_ERROR;
				GCC_WARN_UNDECLARED_SELECTOR = YES;
				GCC_WARN_UNINITIALIZED_AUTOS = YES_AGGRESSIVE;
				GCC_WARN_UNUSED_FUNCTION = YES;
				GCC_WARN_UNUSED_VARIABLE = YES;
				MACOSX_DEPLOYMENT_TARGET = 10.11;
				MTL_ENABLE_DEBUG_INFO = YES;
				ONLY_ACTIVE_ARCH = YES;
				SDKROOT = macosx;
			};
			name = Debug;
		};
		1298FE031D24C75B00D4E868 /* Release */ = {
			isa = XCBuildConfiguration;
			buildSettings = {
				ALWAYS_SEARCH_USER_PATHS = NO;
				CLANG_ANALYZER_NONNULL = YES;
				CLANG_CXX_LANGUAGE_STANDARD = "gnu++0x";
				CLANG_CXX_LIBRARY = "libc++";
				CLANG_ENABLE_MODULES = YES;
				CLANG_ENABLE_OBJC_ARC = YES;
				CLANG_WARN_BOOL_CONVERSION = YES;
				CLANG_WARN_CONSTANT_CONVERSION = YES;
				CLANG_WARN_DIRECT_OBJC_ISA_USAGE = YES_ERROR;
				CLANG_WARN_EMPTY_BODY = YES;
				CLANG_WARN_ENUM_CONVERSION = YES;
				CLANG_WARN_INT_CONVERSION = YES;
				CLANG_WARN_OBJC_ROOT_CLASS = YES_ERROR;
				CLANG_WARN_UNREACHABLE_CODE = YES;
				CLANG_WARN__DUPLICATE_METHOD_MATCH = YES;
				CODE_SIGN_IDENTITY = "-";
				COPY_PHASE_STRIP = NO;
				DEBUG_INFORMATION_FORMAT = "dwarf-with-dsym";
				ENABLE_NS_ASSERTIONS = NO;
				ENABLE_STRICT_OBJC_MSGSEND = YES;
				GCC_C_LANGUAGE_STANDARD = gnu99;
				GCC_NO_COMMON_BLOCKS = YES;
				GCC_WARN_64_TO_32_BIT_CONVERSION = YES;
				GCC_WARN_ABOUT_RETURN_TYPE = YES_ERROR;
				GCC_WARN_UNDECLARED_SELECTOR = YES;
				GCC_WARN_UNINITIALIZED_AUTOS = YES_AGGRESSIVE;
				GCC_WARN_UNUSED_FUNCTION = YES;
				GCC_WARN_UNUSED_VARIABLE = YES;
				MACOSX_DEPLOYMENT_TARGET = 10.11;
				MTL_ENABLE_DEBUG_INFO = NO;
				SDKROOT = macosx;
			};
			name = Release;
		};
		1298FE051D24C75B00D4E868 /* Debug */ = {
			isa = XCBuildConfiguration;
			buildSettings = {
				PRODUCT_NAME = "$(TARGET_NAME)";
			};
			name = Debug;
		};
		1298FE061D24C75B00D4E868 /* Release */ = {
			isa = XCBuildConfiguration;
			buildSettings = {
				PRODUCT_NAME = "$(TARGET_NAME)";
			};
			name = Release;
		};
/* End XCBuildConfiguration section */

/* Begin XCConfigurationList section */
		1298FDF81D24C75B00D4E868 /* Build configuration list for PBXProject "DCOC_in_C" */ = {
			isa = XCConfigurationList;
			buildConfigurations = (
				1298FE021D24C75B00D4E868 /* Debug */,
				1298FE031D24C75B00D4E868 /* Release */,
			);
			defaultConfigurationIsVisible = 0;
			defaultConfigurationName = Release;
		};
		1298FE041D24C75B00D4E868 /* Build configuration list for PBXNativeTarget "DCOC_in_C" */ = {
			isa = XCConfigurationList;
			buildConfigurations = (
				1298FE051D24C75B00D4E868 /* Debug */,
				1298FE061D24C75B00D4E868 /* Release */,
			);
			defaultConfigurationIsVisible = 0;
			defaultConfigurationName = Release;
		};
/* End XCConfigurationList section */
	};
	rootObject = 1298FDF51D24C75B00D4E868 /* Project object */;
}
